
Microsoft Visual Studio Solution File, Format Version 12.00
# Visual Studio Version 16
VisualStudioVersion = 16.0.31911.196
MinimumVisualStudioVersion = 10.0.40219.1
Project("{FAE04EC0-301F-11D3-BF4B-00C04F79EFBC}") = "Indexer", "Indexer\Indexer.csproj", "{2E599334-47AA-4EDF-84B5-FD1A56E78546}"
EndProject
Global
	GlobalSection(SolutionConfigurationPlatforms) = preSolution
		Debug|Any CPU = Debug|Any CPU
		Release|Any CPU = Release|Any CPU
	EndGlobalSection
	GlobalSection(ProjectConfigurationPlatforms) = postSolution
		{2E599334-47AA-4EDF-84B5-FD1A56E78546}.Debug|Any CPU.ActiveCfg = Debug|Any CPU
		{2E599334-47AA-4EDF-84B5-FD1A56E78546}.Debug|Any CPU.Build.0 = Debug|Any CPU
		{2E599334-47AA-4EDF-84B5-FD1A56E78546}.Release|Any CPU.ActiveCfg = Release|Any CPU
		{2E599334-47AA-4EDF-84B5-FD1A56E78546}.Release|Any CPU.Build.0 = Release|Any CPU
	EndGlobalSection
	GlobalSection(SolutionProperties) = preSolution
		HideSolutionNode = FALSE
	EndGlobalSection
	GlobalSection(ExtensibilityGlobals) = postSolution
		SolutionGuid = {E3430DD5-FBF2-4821-9EF6-FD6F98595215}
	EndGlobalSection
EndGlobal
